
Microsoft Visual Studio Solution File, Format Version 12.00
# Visual Studio Version 17
VisualStudioVersion = 17.0.31903.59
MinimumVisualStudioVersion = 10.0.40219.1
Project("{2150E333-8FDC-42A3-9474-1A3956D46DE8}") = "src", "src", "{D7548FE9-6FC7-4EFE-BC8C-A7FBDAC5BB88}"
EndProject
Project("{FAE04EC0-301F-11D3-BF4B-00C04F79EFBC}") = "AuctionService", "src\AuctionService\AuctionService.csproj", "{8C8EC560-8DE7-488A-B2FC-67A43147B9FC}"
EndProject
Project("{2150E333-8FDC-42A3-9474-1A3956D46DE8}") = "Solution Items", "Solution Items", "{146FE4CC-9300-4DB6-9CDE-CF7096C8B419}"
	ProjectSection(SolutionItems) = preProject
		compose.yaml = compose.yaml
	EndProjectSection
EndProject
Project("{FAE04EC0-301F-11D3-BF4B-00C04F79EFBC}") = "SearchService", "src\SearchService\SearchService.csproj", "{9081F535-23B6-4B38-A03F-396FF3859348}"
EndProject
Project("{FAE04EC0-301F-11D3-BF4B-00C04F79EFBC}") = "Contracts", "src\Contracts\Contracts.csproj", "{232B6602-FB0D-4809-80C2-CF035F3B01FA}"
EndProject
Global
	GlobalSection(SolutionConfigurationPlatforms) = preSolution
		Debug|Any CPU = Debug|Any CPU
		Release|Any CPU = Release|Any CPU
	EndGlobalSection
	GlobalSection(SolutionProperties) = preSolution
		HideSolutionNode = FALSE
	EndGlobalSection
	GlobalSection(ProjectConfigurationPlatforms) = postSolution
		{8C8EC560-8DE7-488A-B2FC-67A43147B9FC}.Debug|Any CPU.ActiveCfg = Debug|Any CPU
		{8C8EC560-8DE7-488A-B2FC-67A43147B9FC}.Debug|Any CPU.Build.0 = Debug|Any CPU
		{8C8EC560-8DE7-488A-B2FC-67A43147B9FC}.Release|Any CPU.ActiveCfg = Release|Any CPU
		{8C8EC560-8DE7-488A-B2FC-67A43147B9FC}.Release|Any CPU.Build.0 = Release|Any CPU
		{9081F535-23B6-4B38-A03F-396FF3859348}.Debug|Any CPU.ActiveCfg = Debug|Any CPU
		{9081F535-23B6-4B38-A03F-396FF3859348}.Debug|Any CPU.Build.0 = Debug|Any CPU
		{9081F535-23B6-4B38-A03F-396FF3859348}.Release|Any CPU.ActiveCfg = Release|Any CPU
		{9081F535-23B6-4B38-A03F-396FF3859348}.Release|Any CPU.Build.0 = Release|Any CPU
		{232B6602-FB0D-4809-80C2-CF035F3B01FA}.Debug|Any CPU.ActiveCfg = Debug|Any CPU
		{232B6602-FB0D-4809-80C2-CF035F3B01FA}.Debug|Any CPU.Build.0 = Debug|Any CPU
		{232B6602-FB0D-4809-80C2-CF035F3B01FA}.Release|Any CPU.ActiveCfg = Release|Any CPU
		{232B6602-FB0D-4809-80C2-CF035F3B01FA}.Release|Any CPU.Build.0 = Release|Any CPU
	EndGlobalSection
	GlobalSection(NestedProjects) = preSolution
		{8C8EC560-8DE7-488A-B2FC-67A43147B9FC} = {D7548FE9-6FC7-4EFE-BC8C-A7FBDAC5BB88}
		{9081F535-23B6-4B38-A03F-396FF3859348} = {D7548FE9-6FC7-4EFE-BC8C-A7FBDAC5BB88}
		{232B6602-FB0D-4809-80C2-CF035F3B01FA} = {D7548FE9-6FC7-4EFE-BC8C-A7FBDAC5BB88}
	EndGlobalSection
EndGlobal
